
Microsoft Visual Studio Solution File, Format Version 12.00
# Visual Studio Version 17
VisualStudioVersion = 17.6.33815.320
MinimumVisualStudioVersion = 10.0.40219.1
Project("{9A19103F-16F7-4668-BE54-9A1E7A4F7556}") = "MapSqlDatabaseUpdate", "MapSqlDatabaseUpdate\MapSqlDatabaseUpdate.csproj", "{966E8ED8-044F-4F4C-8387-A7CFB0A2AB27}"
EndProject
Project("{9A19103F-16F7-4668-BE54-9A1E7A4F7556}") = "Core", "Core\Core.csproj", "{731E1E6D-7399-4AA7-BA0F-36EA64E57A28}"
EndProject
Project("{9A19103F-16F7-4668-BE54-9A1E7A4F7556}") = "MapSqlAspNetCoreMVC", "MapSqlAspNetCoreMVC\MapSqlAspNetCoreMVC.csproj", "{BCDE83DA-9CBD-45CB-BC6D-5AF184828479}"
EndProject
Project("{FAE04EC0-301F-11D3-BF4B-00C04F79EFBC}") = "WebAPI", "WebAPI\WebAPI.csproj", "{42FE87AB-0422-44B5-813D-78D26AAF1C0C}"
EndProject
Global
	GlobalSection(SolutionConfigurationPlatforms) = preSolution
		Debug|Any CPU = Debug|Any CPU
		Release|Any CPU = Release|Any CPU
	EndGlobalSection
	GlobalSection(ProjectConfigurationPlatforms) = postSolution
		{966E8ED8-044F-4F4C-8387-A7CFB0A2AB27}.Debug|Any CPU.ActiveCfg = Debug|Any CPU
		{966E8ED8-044F-4F4C-8387-A7CFB0A2AB27}.Debug|Any CPU.Build.0 = Debug|Any CPU
		{966E8ED8-044F-4F4C-8387-A7CFB0A2AB27}.Release|Any CPU.ActiveCfg = Release|Any CPU
		{966E8ED8-044F-4F4C-8387-A7CFB0A2AB27}.Release|Any CPU.Build.0 = Release|Any CPU
		{731E1E6D-7399-4AA7-BA0F-36EA64E57A28}.Debug|Any CPU.ActiveCfg = Debug|Any CPU
		{731E1E6D-7399-4AA7-BA0F-36EA64E57A28}.Debug|Any CPU.Build.0 = Debug|Any CPU
		{731E1E6D-7399-4AA7-BA0F-36EA64E57A28}.Release|Any CPU.ActiveCfg = Release|Any CPU
		{731E1E6D-7399-4AA7-BA0F-36EA64E57A28}.Release|Any CPU.Build.0 = Release|Any CPU
		{BCDE83DA-9CBD-45CB-BC6D-5AF184828479}.Debug|Any CPU.ActiveCfg = Debug|Any CPU
		{BCDE83DA-9CBD-45CB-BC6D-5AF184828479}.Debug|Any CPU.Build.0 = Debug|Any CPU
		{BCDE83DA-9CBD-45CB-BC6D-5AF184828479}.Release|Any CPU.ActiveCfg = Release|Any CPU
		{BCDE83DA-9CBD-45CB-BC6D-5AF184828479}.Release|Any CPU.Build.0 = Release|Any CPU
		{42FE87AB-0422-44B5-813D-78D26AAF1C0C}.Debug|Any CPU.ActiveCfg = Debug|Any CPU
		{42FE87AB-0422-44B5-813D-78D26AAF1C0C}.Debug|Any CPU.Build.0 = Debug|Any CPU
		{42FE87AB-0422-44B5-813D-78D26AAF1C0C}.Release|Any CPU.ActiveCfg = Release|Any CPU
		{42FE87AB-0422-44B5-813D-78D26AAF1C0C}.Release|Any CPU.Build.0 = Release|Any CPU
	EndGlobalSection
	GlobalSection(SolutionProperties) = preSolution
		HideSolutionNode = FALSE
	EndGlobalSection
	GlobalSection(ExtensibilityGlobals) = postSolution
		SolutionGuid = {8CDC0B30-A8FF-4768-B093-53D7B61DE1C8}
	EndGlobalSection
EndGlobal
