
Microsoft Visual Studio Solution File, Format Version 12.00
# Visual Studio Version 17
VisualStudioVersion = 17.6.33815.320
MinimumVisualStudioVersion = 10.0.40219.1
Project("{9A19103F-16F7-4668-BE54-9A1E7A4F7556}") = "Core", "Core\Core.csproj", "{731E1E6D-7399-4AA7-BA0F-36EA64E57A28}"
EndProject
Project("{9A19103F-16F7-4668-BE54-9A1E7A4F7556}") = "WebAPI", "WebAPI\WebAPI.csproj", "{42FE87AB-0422-44B5-813D-78D26AAF1C0C}"
EndProject
Project("{9A19103F-16F7-4668-BE54-9A1E7A4F7556}") = "Benchmark", "Benchmark\Benchmark.csproj", "{D770CB2A-7CA3-423D-B6CE-2C0A48805B6F}"
EndProject
Project("{9A19103F-16F7-4668-BE54-9A1E7A4F7556}") = "ConsoleUpdate", "ConsoleUpdate\ConsoleUpdate.csproj", "{B0FAAE1E-59B0-47CB-995C-D4FC5100F84A}"
EndProject
Project("{9A19103F-16F7-4668-BE54-9A1E7A4F7556}") = "WebMVC", "WebMVC\WebMVC.csproj", "{603801D4-9E2D-4E5D-961C-DCC32BD12560}"
EndProject
Project("{FAE04EC0-301F-11D3-BF4B-00C04F79EFBC}") = "WebBlazor", "WebBlazor\WebBlazor\WebBlazor.csproj", "{FFB0903C-4DED-4417-8CC4-1685EA1E226B}"
EndProject
Project("{FAE04EC0-301F-11D3-BF4B-00C04F79EFBC}") = "WebBlazor.Client", "WebBlazor\WebBlazor.Client\WebBlazor.Client.csproj", "{B8119DB8-2108-474B-A1D1-384E2707E7FE}"
EndProject
Global
	GlobalSection(SolutionConfigurationPlatforms) = preSolution
		Debug|Any CPU = Debug|Any CPU
		Release|Any CPU = Release|Any CPU
	EndGlobalSection
	GlobalSection(ProjectConfigurationPlatforms) = postSolution
		{731E1E6D-7399-4AA7-BA0F-36EA64E57A28}.Debug|Any CPU.ActiveCfg = Debug|Any CPU
		{731E1E6D-7399-4AA7-BA0F-36EA64E57A28}.Debug|Any CPU.Build.0 = Debug|Any CPU
		{731E1E6D-7399-4AA7-BA0F-36EA64E57A28}.Release|Any CPU.ActiveCfg = Release|Any CPU
		{731E1E6D-7399-4AA7-BA0F-36EA64E57A28}.Release|Any CPU.Build.0 = Release|Any CPU
		{42FE87AB-0422-44B5-813D-78D26AAF1C0C}.Debug|Any CPU.ActiveCfg = Debug|Any CPU
		{42FE87AB-0422-44B5-813D-78D26AAF1C0C}.Debug|Any CPU.Build.0 = Debug|Any CPU
		{42FE87AB-0422-44B5-813D-78D26AAF1C0C}.Release|Any CPU.ActiveCfg = Release|Any CPU
		{42FE87AB-0422-44B5-813D-78D26AAF1C0C}.Release|Any CPU.Build.0 = Release|Any CPU
		{D770CB2A-7CA3-423D-B6CE-2C0A48805B6F}.Debug|Any CPU.ActiveCfg = Debug|Any CPU
		{D770CB2A-7CA3-423D-B6CE-2C0A48805B6F}.Debug|Any CPU.Build.0 = Debug|Any CPU
		{D770CB2A-7CA3-423D-B6CE-2C0A48805B6F}.Release|Any CPU.ActiveCfg = Release|Any CPU
		{D770CB2A-7CA3-423D-B6CE-2C0A48805B6F}.Release|Any CPU.Build.0 = Release|Any CPU
		{B0FAAE1E-59B0-47CB-995C-D4FC5100F84A}.Debug|Any CPU.ActiveCfg = Debug|Any CPU
		{B0FAAE1E-59B0-47CB-995C-D4FC5100F84A}.Debug|Any CPU.Build.0 = Debug|Any CPU
		{B0FAAE1E-59B0-47CB-995C-D4FC5100F84A}.Release|Any CPU.ActiveCfg = Release|Any CPU
		{B0FAAE1E-59B0-47CB-995C-D4FC5100F84A}.Release|Any CPU.Build.0 = Release|Any CPU
		{603801D4-9E2D-4E5D-961C-DCC32BD12560}.Debug|Any CPU.ActiveCfg = Debug|Any CPU
		{603801D4-9E2D-4E5D-961C-DCC32BD12560}.Debug|Any CPU.Build.0 = Debug|Any CPU
		{603801D4-9E2D-4E5D-961C-DCC32BD12560}.Release|Any CPU.ActiveCfg = Release|Any CPU
		{603801D4-9E2D-4E5D-961C-DCC32BD12560}.Release|Any CPU.Build.0 = Release|Any CPU
		{FFB0903C-4DED-4417-8CC4-1685EA1E226B}.Debug|Any CPU.ActiveCfg = Debug|Any CPU
		{FFB0903C-4DED-4417-8CC4-1685EA1E226B}.Debug|Any CPU.Build.0 = Debug|Any CPU
		{FFB0903C-4DED-4417-8CC4-1685EA1E226B}.Release|Any CPU.ActiveCfg = Release|Any CPU
		{FFB0903C-4DED-4417-8CC4-1685EA1E226B}.Release|Any CPU.Build.0 = Release|Any CPU
		{B8119DB8-2108-474B-A1D1-384E2707E7FE}.Debug|Any CPU.ActiveCfg = Debug|Any CPU
		{B8119DB8-2108-474B-A1D1-384E2707E7FE}.Debug|Any CPU.Build.0 = Debug|Any CPU
		{B8119DB8-2108-474B-A1D1-384E2707E7FE}.Release|Any CPU.ActiveCfg = Release|Any CPU
		{B8119DB8-2108-474B-A1D1-384E2707E7FE}.Release|Any CPU.Build.0 = Release|Any CPU
	EndGlobalSection
	GlobalSection(SolutionProperties) = preSolution
		HideSolutionNode = FALSE
	EndGlobalSection
	GlobalSection(ExtensibilityGlobals) = postSolution
		SolutionGuid = {8CDC0B30-A8FF-4768-B093-53D7B61DE1C8}
	EndGlobalSection
EndGlobal
