
Microsoft Visual Studio Solution File, Format Version 12.00
# Visual Studio Version 17
VisualStudioVersion = 17.6.33815.320
MinimumVisualStudioVersion = 10.0.40219.1
Project("{9A19103F-16F7-4668-BE54-9A1E7A4F7556}") = "MapSqlAspNetCoreMVC", "MapSqlAspNetCoreMVC\MapSqlAspNetCoreMVC.csproj", "{064EB205-16A0-40A9-B1D3-CF595327A90C}"
EndProject
Project("{9A19103F-16F7-4668-BE54-9A1E7A4F7556}") = "MapSqlDatabaseUpdate", "MapSqlDatabaseUpdate\MapSqlDatabaseUpdate.csproj", "{966E8ED8-044F-4F4C-8387-A7CFB0A2AB27}"
EndProject
Global
	GlobalSection(SolutionConfigurationPlatforms) = preSolution
		Debug|Any CPU = Debug|Any CPU
		Release|Any CPU = Release|Any CPU
	EndGlobalSection
	GlobalSection(ProjectConfigurationPlatforms) = postSolution
		{064EB205-16A0-40A9-B1D3-CF595327A90C}.Debug|Any CPU.ActiveCfg = Debug|Any CPU
		{064EB205-16A0-40A9-B1D3-CF595327A90C}.Debug|Any CPU.Build.0 = Debug|Any CPU
		{064EB205-16A0-40A9-B1D3-CF595327A90C}.Release|Any CPU.ActiveCfg = Release|Any CPU
		{064EB205-16A0-40A9-B1D3-CF595327A90C}.Release|Any CPU.Build.0 = Release|Any CPU
		{966E8ED8-044F-4F4C-8387-A7CFB0A2AB27}.Debug|Any CPU.ActiveCfg = Debug|Any CPU
		{966E8ED8-044F-4F4C-8387-A7CFB0A2AB27}.Debug|Any CPU.Build.0 = Debug|Any CPU
		{966E8ED8-044F-4F4C-8387-A7CFB0A2AB27}.Release|Any CPU.ActiveCfg = Release|Any CPU
		{966E8ED8-044F-4F4C-8387-A7CFB0A2AB27}.Release|Any CPU.Build.0 = Release|Any CPU
	EndGlobalSection
	GlobalSection(SolutionProperties) = preSolution
		HideSolutionNode = FALSE
	EndGlobalSection
	GlobalSection(ExtensibilityGlobals) = postSolution
		SolutionGuid = {8CDC0B30-A8FF-4768-B093-53D7B61DE1C8}
	EndGlobalSection
EndGlobal
