{
  "version": 1,
  "dependencies": {
    "net6.0": {
      "Microsoft.NET.ILLink.Analyzers": {
        "type": "Direct",
        "requested": "[7.0.100-1.23211.1, )",
        "resolved": "7.0.100-1.23211.1",
        "contentHash": "0GvbEgDGcUQA9KuWcQU1WwYHXt1tBzNr1Nls/M57rM7NA/AndFwCaCEoJpJkmxRY7xLlPDBnmGp8h5+FNqUngg=="
      },
      "Microsoft.NET.ILLink.Tasks": {
        "type": "Direct",
        "requested": "[7.0.100-1.23211.1, )",
        "resolved": "7.0.100-1.23211.1",
        "contentHash": "tvG8XZYLjT0o3WicCyKBZysVWo1jC9HdCFmNRmddx3WbAz0UCsd0qKZqpiEo99VLA8Re+FzWK51OcRldQPbt2Q=="
      },
      "X.PagedList": {
        "type": "Direct",
        "requested": "[8.4.7, )",
        "resolved": "8.4.7",
        "contentHash": "ZA1WcyNviMUhivCgwKAm/5/YsNP3Yf/n81SzrPaHSJOcFzavA9MrXTT8M+ZX4fvHwLCL1bY6BPXvwZF5pRtgTg==",
        "dependencies": {
          "JetBrains.Annotations": "2022.3.1"
        }
      },
      "X.PagedList.Mvc.Bootstrap4": {
        "type": "Direct",
        "requested": "[8.1.0, )",
        "resolved": "8.1.0",
        "contentHash": "sP9V26oOtwwJrHhuOZ7T95/3oSoLGpUIqKg0gdpjepNvCrVCEQqO5CHirM6etl5qIUEK+7q2+rYhsI6UDfo57A==",
        "dependencies": {
          "X.PagedList.Mvc.Core": "8.1.0"
        }
      },
      "X.PagedList.Mvc.Core": {
        "type": "Direct",
        "requested": "[8.4.7, )",
        "resolved": "8.4.7",
        "contentHash": "dS8sJr/aT3AoV9ePaqmF4wijh/2vqS9rxpOvzjPPStkQcR8rUaGPVezPgY/kJwWCZ2hdgKNralbU08So0otNxw==",
        "dependencies": {
          "X.PagedList": "8.4.7"
        }
      },
      "JetBrains.Annotations": {
        "type": "Transitive",
        "resolved": "2022.3.1",
        "contentHash": "11nsS3+lFICGkztVs9PP2NRItxf9fF+qD6xEW/T0YGto52zj07wseUeBdMAU1ah9HNVTDZyRC1u4NWdtJScwhw=="
      },
      "maincore": {
        "type": "Project"
      }
    },
    "net6.0/linux-arm64": {},
    "net6.0/linux-x64": {},
    "net6.0/win-x64": {}
  }
}